api:

captive_portal:

esp8266:
  board: esp8285

esphome:
  friendly_name: LGL VCK CCCP 2024
  name: lgl_vck_cccp_2024
  project:
    name: "LGL Studio.LGL VCK CCCP 2024"
    version: "0.0.0"

light:
  - name: LEDs
    num_leds: 7
    pin: GPIO2
    platform: neopixelbus
    variant: SK6812

logger:

ota:
  - platform: esphome

sensor:
  - accuracy_decimals: 0
    filters:
      - multiply: 100
      - round: 0
    icon: mdi:brightness-percent
    name: "Brightness"
    pin: A0
    platform: adc
    state_class: measurement
    unit_of_measurement: '%'

switch:
  - name: Buzzer
    pin:
      inverted: true
      number: GPIO16
    platform: gpio

wifi:
  ap:

